{
  "version": 4,
  "terraform_version": "1.6.6",
  "serial": 117,
  "lineage": "f4e4785e-0e35-b0de-399f-6105eeb02f1e",
  "outputs": {},
  "resources": [
    {
      "mode": "managed",
      "type": "docker_container",
      "name": "postgres_db",
      "provider": "provider[\"registry.terraform.io/kreuzwerker/docker\"]",
      "instances": [
        {
          "schema_version": 2,
          "attributes": {
            "attach": false,
            "bridge": "",
            "capabilities": [],
            "cgroupns_mode": null,
            "command": [
              "postgres"
            ],
            "container_logs": null,
            "container_read_refresh_timeout_milliseconds": 15000,
            "cpu_set": "",
            "cpu_shares": 0,
            "cpus": null,
            "destroy_grace_seconds": null,
            "devices": [],
            "dns": null,
            "dns_opts": null,
            "dns_search": null,
            "domainname": "",
            "entrypoint": [
              "docker-entrypoint.sh"
            ],
            "env": [
              "POSTGRES_DB=user_api_development",
              "POSTGRES_PASSWORD=password",
              "POSTGRES_USER=postgres"
            ],
            "exit_code": null,
            "gpus": null,
            "group_add": null,
            "healthcheck": null,
            "host": [],
            "hostname": "f1549b626759",
            "id": "f1549b626759925dca137beab8169ba38481f5b5f51bb575bce571925a806949",
            "image": "sha256:fe3f571d128e8efadcd8b2fde0e2b73ebab6dbec33f6bfe69d98c682c7d8f7bd",
            "init": false,
            "ipc_mode": "private",
            "labels": [],
            "log_driver": "json-file",
            "log_opts": null,
            "logs": false,
            "max_retry_count": 0,
            "memory": 0,
            "memory_swap": 0,
            "mounts": [],
            "must_run": true,
            "name": "postgres-db",
            "network_data": [
              {
                "gateway": "172.18.0.1",
                "global_ipv6_address": "",
                "global_ipv6_prefix_length": 0,
                "ip_address": "172.18.0.2",
                "ip_prefix_length": 16,
                "ipv6_gateway": "",
                "mac_address": "02:42:ac:12:00:02",
                "network_name": "ufc_microservices_network"
              }
            ],
            "network_mode": "bridge",
            "networks_advanced": [
              {
                "aliases": [],
                "ipv4_address": "",
                "ipv6_address": "",
                "name": "ufc_microservices_network"
              }
            ],
            "pid_mode": "",
            "ports": [
              {
                "external": 5433,
                "internal": 5432,
                "ip": "0.0.0.0",
                "protocol": "tcp"
              }
            ],
            "privileged": false,
            "publish_all_ports": false,
            "read_only": false,
            "remove_volumes": true,
            "restart": "no",
            "rm": false,
            "runtime": "runc",
            "security_opts": [],
            "shm_size": 64,
            "start": true,
            "stdin_open": false,
            "stop_signal": "SIGINT",
            "stop_timeout": 0,
            "storage_opts": null,
            "sysctls": null,
            "tmpfs": null,
            "tty": false,
            "ulimit": [],
            "upload": [],
            "user": "",
            "userns_mode": "",
            "volumes": [
              {
                "container_path": "/var/lib/postgresql/data",
                "from_container": "",
                "host_path": "C:/Users/lukey/OneDrive - Technological University Dublin/Code/College Projects/ufc-voting-microservices/terraform/db_data",
                "read_only": null,
                "volume_name": ""
              }
            ],
            "wait": false,
            "wait_timeout": 60,
            "working_dir": ""
          },
          "sensitive_attributes": [],
          "private": "eyJzY2hlbWFfdmVyc2lvbiI6IjIifQ==",
          "dependencies": [
            "docker_image.postgres",
            "docker_network.app_network"
          ]
        }
      ]
    },
    {
      "mode": "managed",
      "type": "docker_image",
      "name": "frontend_blue",
      "provider": "provider[\"registry.terraform.io/kreuzwerker/docker\"]",
      "instances": [
        {
          "schema_version": 0,
          "attributes": {
            "build": [],
            "force_remove": null,
            "id": "sha256:651c9926b37a0533b9b880bcf69fb3a3ae2abc627fa9357fd85ddc72c74e890dlukey721/frontend:blue1744749419",
            "image_id": "sha256:651c9926b37a0533b9b880bcf69fb3a3ae2abc627fa9357fd85ddc72c74e890d",
            "keep_locally": null,
            "name": "lukey721/frontend:blue1744749419",
            "platform": null,
            "pull_triggers": null,
            "repo_digest": "lukey721/frontend@sha256:651c9926b37a0533b9b880bcf69fb3a3ae2abc627fa9357fd85ddc72c74e890d",
            "triggers": null
          },
          "sensitive_attributes": [],
          "private": "bnVsbA=="
        }
      ]
    },
    {
      "mode": "managed",
      "type": "docker_image",
      "name": "frontend_green",
      "provider": "provider[\"registry.terraform.io/kreuzwerker/docker\"]",
      "instances": [
        {
          "schema_version": 0,
          "attributes": {
            "build": [],
            "force_remove": null,
            "id": "sha256:651c9926b37a0533b9b880bcf69fb3a3ae2abc627fa9357fd85ddc72c74e890dlukey721/frontend:green1744749419",
            "image_id": "sha256:651c9926b37a0533b9b880bcf69fb3a3ae2abc627fa9357fd85ddc72c74e890d",
            "keep_locally": null,
            "name": "lukey721/frontend:green1744749419",
            "platform": null,
            "pull_triggers": null,
            "repo_digest": "lukey721/frontend@sha256:651c9926b37a0533b9b880bcf69fb3a3ae2abc627fa9357fd85ddc72c74e890d",
            "triggers": null
          },
          "sensitive_attributes": [],
          "private": "bnVsbA=="
        }
      ]
    },
    {
      "mode": "managed",
      "type": "docker_image",
      "name": "postgres",
      "provider": "provider[\"registry.terraform.io/kreuzwerker/docker\"]",
      "instances": [
        {
          "schema_version": 0,
          "attributes": {
            "build": [],
            "force_remove": null,
            "id": "sha256:fe3f571d128e8efadcd8b2fde0e2b73ebab6dbec33f6bfe69d98c682c7d8f7bdpostgres:latest",
            "image_id": "sha256:fe3f571d128e8efadcd8b2fde0e2b73ebab6dbec33f6bfe69d98c682c7d8f7bd",
            "keep_locally": null,
            "name": "postgres:latest",
            "platform": null,
            "pull_triggers": null,
            "repo_digest": "postgres@sha256:fe3f571d128e8efadcd8b2fde0e2b73ebab6dbec33f6bfe69d98c682c7d8f7bd",
            "triggers": null
          },
          "sensitive_attributes": [],
          "private": "bnVsbA=="
        }
      ]
    },
    {
      "mode": "managed",
      "type": "docker_image",
      "name": "user_api",
      "provider": "provider[\"registry.terraform.io/kreuzwerker/docker\"]",
      "instances": [
        {
          "schema_version": 0,
          "attributes": {
            "build": [],
            "force_remove": null,
            "id": "sha256:ef634af1501b978edbd4983583529e1008766018473a1c158bb9a9a2d3f9347elukey721/user-api:1744749419",
            "image_id": "sha256:ef634af1501b978edbd4983583529e1008766018473a1c158bb9a9a2d3f9347e",
            "keep_locally": null,
            "name": "lukey721/user-api:1744749419",
            "platform": null,
            "pull_triggers": null,
            "repo_digest": "lukey721/user-api@sha256:ef634af1501b978edbd4983583529e1008766018473a1c158bb9a9a2d3f9347e",
            "triggers": null
          },
          "sensitive_attributes": [],
          "private": "bnVsbA=="
        }
      ]
    },
    {
      "mode": "managed",
      "type": "docker_image",
      "name": "voting_api",
      "provider": "provider[\"registry.terraform.io/kreuzwerker/docker\"]",
      "instances": [
        {
          "schema_version": 0,
          "attributes": {
            "build": [],
            "force_remove": null,
            "id": "sha256:56729448f62b44b7925656f525d69714efd3e217033633f9b9ed63703eccb4c2lukey721/voting-api:1744749419",
            "image_id": "sha256:56729448f62b44b7925656f525d69714efd3e217033633f9b9ed63703eccb4c2",
            "keep_locally": null,
            "name": "lukey721/voting-api:1744749419",
            "platform": null,
            "pull_triggers": null,
            "repo_digest": "lukey721/voting-api@sha256:56729448f62b44b7925656f525d69714efd3e217033633f9b9ed63703eccb4c2",
            "triggers": null
          },
          "sensitive_attributes": [],
          "private": "bnVsbA=="
        }
      ]
    },
    {
      "mode": "managed",
      "type": "docker_network",
      "name": "app_network",
      "provider": "provider[\"registry.terraform.io/kreuzwerker/docker\"]",
      "instances": [
        {
          "schema_version": 1,
          "attributes": {
            "attachable": false,
            "check_duplicate": null,
            "driver": "bridge",
            "id": "2a5a6d6b0bf9faa17bd8864fea95cf5b28825df6e8d0319683343d2c6ad0714c",
            "ingress": false,
            "internal": false,
            "ipam_config": [
              {
                "aux_address": {},
                "gateway": "172.18.0.1",
                "ip_range": "",
                "subnet": "172.18.0.0/16"
              }
            ],
            "ipam_driver": "default",
            "ipam_options": {},
            "ipv6": false,
            "labels": [],
            "name": "ufc_microservices_network",
            "options": {},
            "scope": "local"
          },
          "sensitive_attributes": [],
          "private": "eyJzY2hlbWFfdmVyc2lvbiI6IjEifQ=="
        }
      ]
    }
  ],
  "check_results": null
}
